
Microsoft Visual Studio Solution File, Format Version 12.00
# Visual Studio Version 17
VisualStudioVersion = 17.7.34031.279
MinimumVisualStudioVersion = 10.0.40219.1
Project("{FAE04EC0-301F-11D3-BF4B-00C04F79EFBC}") = "Parcial_3", "Parcial_3.csproj", "{9D88E2B6-DC96-4EAC-9C95-1547DE1382ED}"
EndProject
Project("{FAE04EC0-301F-11D3-BF4B-00C04F79EFBC}") = "Infraestructura", "..\Infraestructura\Infraestructura.csproj", "{95A888DF-4B4F-48B0-82B8-83ECA7E257EA}"
EndProject
Project("{FAE04EC0-301F-11D3-BF4B-00C04F79EFBC}") = "Servicios", "..\Servicios\Servicios.csproj", "{6C8B8320-66F5-434B-864B-BD27414768F7}"
EndProject
Global
	GlobalSection(SolutionConfigurationPlatforms) = preSolution
		Debug|Any CPU = Debug|Any CPU
		Release|Any CPU = Release|Any CPU
	EndGlobalSection
	GlobalSection(ProjectConfigurationPlatforms) = postSolution
		{9D88E2B6-DC96-4EAC-9C95-1547DE1382ED}.Debug|Any CPU.ActiveCfg = Debug|Any CPU
		{9D88E2B6-DC96-4EAC-9C95-1547DE1382ED}.Debug|Any CPU.Build.0 = Debug|Any CPU
		{9D88E2B6-DC96-4EAC-9C95-1547DE1382ED}.Release|Any CPU.ActiveCfg = Release|Any CPU
		{9D88E2B6-DC96-4EAC-9C95-1547DE1382ED}.Release|Any CPU.Build.0 = Release|Any CPU
		{95A888DF-4B4F-48B0-82B8-83ECA7E257EA}.Debug|Any CPU.ActiveCfg = Debug|Any CPU
		{95A888DF-4B4F-48B0-82B8-83ECA7E257EA}.Debug|Any CPU.Build.0 = Debug|Any CPU
		{95A888DF-4B4F-48B0-82B8-83ECA7E257EA}.Release|Any CPU.ActiveCfg = Release|Any CPU
		{95A888DF-4B4F-48B0-82B8-83ECA7E257EA}.Release|Any CPU.Build.0 = Release|Any CPU
		{6C8B8320-66F5-434B-864B-BD27414768F7}.Debug|Any CPU.ActiveCfg = Debug|Any CPU
		{6C8B8320-66F5-434B-864B-BD27414768F7}.Debug|Any CPU.Build.0 = Debug|Any CPU
		{6C8B8320-66F5-434B-864B-BD27414768F7}.Release|Any CPU.ActiveCfg = Release|Any CPU
		{6C8B8320-66F5-434B-864B-BD27414768F7}.Release|Any CPU.Build.0 = Release|Any CPU
	EndGlobalSection
	GlobalSection(SolutionProperties) = preSolution
		HideSolutionNode = FALSE
	EndGlobalSection
	GlobalSection(ExtensibilityGlobals) = postSolution
		SolutionGuid = {AE91AA99-8746-430C-9566-39FB35B371CB}
	EndGlobalSection
EndGlobal
